// !$*UTF8*$!
{
	archiveVersion = 1;
	classes = {
	};
	objectVersion = 46;
	objects = {

/* Begin PBXBuildFile section */
		B09480BEBC4E65FD306C34DD /* GameCardButton.swift in Sources */ = {isa = PBXBuildFile; fileRef = B0948F260E206210383D8000 /* GameCardButton.swift */; };
		B0948124BDEDEFF0C163F02E /* Assets.xcassets in Resources */ = {isa = PBXBuildFile; fileRef = B0948F6E15D8E27897BB0B22 /* Assets.xcassets */; };
		B0948137449E28BF2FCCE0A1 /* Main.storyboard in Resources */ = {isa = PBXBuildFile; fileRef = B09485EBCC59A26D1DA5F265 /* Main.storyboard */; };
		B094824D3D40036D1D1AEF63 /* AppDelegate.swift in Sources */ = {isa = PBXBuildFile; fileRef = B0948F808AF65FE81073D339 /* AppDelegate.swift */; };
		B09485CDF6A00C3A8A1780C7 /* LaunchScreen.storyboard in Resources */ = {isa = PBXBuildFile; fileRef = B0948B17077A67C69BC44085 /* LaunchScreen.storyboard */; };
		B0948689D74EBCF3209C8180 /* Game.swift in Sources */ = {isa = PBXBuildFile; fileRef = B094896E7A4CCB7DC312252D /* Game.swift */; };
		B09486BDF58959A9DCC88D50 /* Card.swift in Sources */ = {isa = PBXBuildFile; fileRef = B09486AEC47794266EFDB6A8 /* Card.swift */; };
		B094889E52C27BDB4F5D131D /* ViewController.swift in Sources */ = {isa = PBXBuildFile; fileRef = B0948A38B6EB3679D1C206C1 /* ViewController.swift */; };
		B0948E00C1CD509BF886CD97 /* SceneDelegate.swift in Sources */ = {isa = PBXBuildFile; fileRef = B0948B9EE385CA5754718AC5 /* SceneDelegate.swift */; };
/* End PBXBuildFile section */

/* Begin PBXFileReference section */
		B094833F8E5FD9EFC3AB5083 /* Info.plist */ = {isa = PBXFileReference; lastKnownFileType = text.plist.info; path = Info.plist; sourceTree = "<group>"; };
		B09486AEC47794266EFDB6A8 /* Card.swift */ = {isa = PBXFileReference; fileEncoding = 4; lastKnownFileType = sourcecode.swift; path = Card.swift; sourceTree = "<group>"; };
		B094896E7A4CCB7DC312252D /* Game.swift */ = {isa = PBXFileReference; fileEncoding = 4; lastKnownFileType = sourcecode.swift; path = Game.swift; sourceTree = "<group>"; };
		B094898925E70D5B1BEC0DF5 /* Base */ = {isa = PBXFileReference; lastKnownFileType = file.storyboard; name = Base; path = Base.lproj/LaunchScreen.storyboard; sourceTree = "<group>"; };
		B0948A38B6EB3679D1C206C1 /* ViewController.swift */ = {isa = PBXFileReference; lastKnownFileType = sourcecode.swift; path = ViewController.swift; sourceTree = "<group>"; };
		B0948B9EE385CA5754718AC5 /* SceneDelegate.swift */ = {isa = PBXFileReference; fileEncoding = 4; lastKnownFileType = sourcecode.swift; path = SceneDelegate.swift; sourceTree = "<group>"; };
		B0948C95D870BE804349C203 /* Set.app */ = {isa = PBXFileReference; explicitFileType = wrapper.application; includeInIndex = 0; path = Set.app; sourceTree = BUILT_PRODUCTS_DIR; };
		B0948D716C9A1D95BD28E9D8 /* Base */ = {isa = PBXFileReference; lastKnownFileType = file.storyboard; name = Base; path = Base.lproj/Main.storyboard; sourceTree = "<group>"; };
		B0948F260E206210383D8000 /* GameCardButton.swift */ = {isa = PBXFileReference; fileEncoding = 4; lastKnownFileType = sourcecode.swift; path = GameCardButton.swift; sourceTree = "<group>"; };
		B0948F6E15D8E27897BB0B22 /* Assets.xcassets */ = {isa = PBXFileReference; lastKnownFileType = folder.assetcatalog; path = Assets.xcassets; sourceTree = "<group>"; };
		B0948F808AF65FE81073D339 /* AppDelegate.swift */ = {isa = PBXFileReference; fileEncoding = 4; lastKnownFileType = sourcecode.swift; path = AppDelegate.swift; sourceTree = "<group>"; };
/* End PBXFileReference section */

/* Begin PBXFrameworksBuildPhase section */
		B09487F865C7D8EFBEA06470 /* Frameworks */ = {
			isa = PBXFrameworksBuildPhase;
			buildActionMask = 2147483647;
			files = (
			);
			runOnlyForDeploymentPostprocessing = 0;
		};
/* End PBXFrameworksBuildPhase section */

/* Begin PBXGroup section */
		B0948862A47DFE2F4E021000 /* Supporting files */ = {
			isa = PBXGroup;
			children = (
				B0948B17077A67C69BC44085 /* LaunchScreen.storyboard */,
				B0948F808AF65FE81073D339 /* AppDelegate.swift */,
				B0948B9EE385CA5754718AC5 /* SceneDelegate.swift */,
			);
			name = "Supporting files";
			sourceTree = "<group>";
		};
		B0948BDA98213FFE6780316A /* Products */ = {
			isa = PBXGroup;
			children = (
				B0948C95D870BE804349C203 /* Set.app */,
			);
			name = Products;
			sourceTree = "<group>";
		};
		B0948D058E76F34E6A588C1C = {
			isa = PBXGroup;
			children = (
				B0948BDA98213FFE6780316A /* Products */,
				B0948E65C0BBE9F46176B4A7 /* Set */,
			);
			sourceTree = "<group>";
		};
		B0948E65C0BBE9F46176B4A7 /* Set */ = {
			isa = PBXGroup;
			children = (
				B094833F8E5FD9EFC3AB5083 /* Info.plist */,
				B0948F6E15D8E27897BB0B22 /* Assets.xcassets */,
				B0948A38B6EB3679D1C206C1 /* ViewController.swift */,
				B09485EBCC59A26D1DA5F265 /* Main.storyboard */,
				B09486AEC47794266EFDB6A8 /* Card.swift */,
				B094896E7A4CCB7DC312252D /* Game.swift */,
				B0948862A47DFE2F4E021000 /* Supporting files */,
				B0948F260E206210383D8000 /* GameCardButton.swift */,
			);
			path = Set;
			sourceTree = "<group>";
		};
/* End PBXGroup section */

/* Begin PBXNativeTarget section */
		B0948AE5F2D7DC5E0337CD91 /* Set */ = {
			isa = PBXNativeTarget;
			buildConfigurationList = B0948411F01E09AA017ECB2C /* Build configuration list for PBXNativeTarget "Set" */;
			buildPhases = (
				B0948C3504AE4E450708B391 /* Sources */,
				B09487F865C7D8EFBEA06470 /* Frameworks */,
				B0948FEB4F1B08250FADC3FF /* Resources */,
			);
			buildRules = (
			);
			dependencies = (
			);
			name = Set;
			productName = Set;
			productReference = B0948C95D870BE804349C203 /* Set.app */;
			productType = "com.apple.product-type.application";
		};
/* End PBXNativeTarget section */

/* Begin PBXProject section */
		B09480E7243780007CFB40C4 /* Project object */ = {
			isa = PBXProject;
			attributes = {
				LastUpgradeCheck = 1130;
				ORGANIZATIONNAME = Annette;
			};
			buildConfigurationList = B0948941FADB5527FD6A5C4F /* Build configuration list for PBXProject "Set" */;
			compatibilityVersion = "Xcode 3.2";
			developmentRegion = en;
			hasScannedForEncodings = 0;
			knownRegions = (
				en,
				Base,
			);
			mainGroup = B0948D058E76F34E6A588C1C;
			productRefGroup = B0948BDA98213FFE6780316A /* Products */;
			projectDirPath = "";
			projectRoot = "";
			targets = (
				B0948AE5F2D7DC5E0337CD91 /* Set */,
			);
		};
/* End PBXProject section */

/* Begin PBXResourcesBuildPhase section */
		B0948FEB4F1B08250FADC3FF /* Resources */ = {
			isa = PBXResourcesBuildPhase;
			buildActionMask = 2147483647;
			files = (
				B0948124BDEDEFF0C163F02E /* Assets.xcassets in Resources */,
				B0948137449E28BF2FCCE0A1 /* Main.storyboard in Resources */,
				B09485CDF6A00C3A8A1780C7 /* LaunchScreen.storyboard in Resources */,
			);
			runOnlyForDeploymentPostprocessing = 0;
		};
/* End PBXResourcesBuildPhase section */

/* Begin PBXSourcesBuildPhase section */
		B0948C3504AE4E450708B391 /* Sources */ = {
			isa = PBXSourcesBuildPhase;
			buildActionMask = 2147483647;
			files = (
				B094889E52C27BDB4F5D131D /* ViewController.swift in Sources */,
				B09486BDF58959A9DCC88D50 /* Card.swift in Sources */,
				B0948689D74EBCF3209C8180 /* Game.swift in Sources */,
				B094824D3D40036D1D1AEF63 /* AppDelegate.swift in Sources */,
				B0948E00C1CD509BF886CD97 /* SceneDelegate.swift in Sources */,
				B09480BEBC4E65FD306C34DD /* GameCardButton.swift in Sources */,
			);
			runOnlyForDeploymentPostprocessing = 0;
		};
/* End PBXSourcesBuildPhase section */

/* Begin PBXVariantGroup section */
		B09485EBCC59A26D1DA5F265 /* Main.storyboard */ = {
			isa = PBXVariantGroup;
			children = (
				B0948D716C9A1D95BD28E9D8 /* Base */,
			);
			name = Main.storyboard;
			sourceTree = "<group>";
		};
		B0948B17077A67C69BC44085 /* LaunchScreen.storyboard */ = {
			isa = PBXVariantGroup;
			children = (
				B094898925E70D5B1BEC0DF5 /* Base */,
			);
			name = LaunchScreen.storyboard;
			sourceTree = "<group>";
		};
/* End PBXVariantGroup section */

/* Begin XCBuildConfiguration section */
		B09482A3719AD52ABDF6D5B8 /* Debug */ = {
			isa = XCBuildConfiguration;
			buildSettings = {
				ASSETCATALOG_COMPILER_APPICON_NAME = AppIcon;
				INFOPLIST_FILE = Set/Info.plist;
				LD_RUNPATH_SEARCH_PATHS = "$(inherited) @executable_path/Frameworks";
				PRODUCT_BUNDLE_IDENTIFIER = com.inc.anntte.Set;
				PRODUCT_NAME = "$(TARGET_NAME)";
				SWIFT_VERSION = 5.0;
				TARGETED_DEVICE_FAMILY = "1,2";
			};
			name = Debug;
		};
		B09489FF346352FECEF55A00 /* Release */ = {
			isa = XCBuildConfiguration;
			buildSettings = {
				ALWAYS_SEARCH_USER_PATHS = NO;
				CLANG_ANALYZER_LOCALIZABILITY_NONLOCALIZED = YES;
				CLANG_ANALYZER_NONNULL = YES;
				CLANG_ANALYZER_NUMBER_OBJECT_CONVERSION = YES_AGGRESSIVE;
				CLANG_CXX_LANGUAGE_STANDARD = "gnu++14";
				CLANG_CXX_LIBRARY = "libc++";
				CLANG_ENABLE_MODULES = YES;
				CLANG_ENABLE_OBJC_ARC = YES;
				CLANG_ENABLE_OBJC_WEAK = YES;
				CLANG_WARN_BLOCK_CAPTURE_AUTORELEASING = YES;
				CLANG_WARN_BOOL_CONVERSION = YES;
				CLANG_WARN_COMMA = YES;
				CLANG_WARN_CONSTANT_CONVERSION = YES;
				CLANG_WARN_DEPRECATED_OBJC_IMPLEMENTATIONS = YES;
				CLANG_WARN_DIRECT_OBJC_ISA_USAGE = YES_ERROR;
				CLANG_WARN_DOCUMENTATION_COMMENTS = YES;
				CLANG_WARN_EMPTY_BODY = YES;
				CLANG_WARN_ENUM_CONVERSION = YES;
				CLANG_WARN_INFINITE_RECURSION = YES;
				CLANG_WARN_INT_CONVERSION = YES;
				CLANG_WARN_NON_LITERAL_NULL_CONVERSION = YES;
				CLANG_WARN_OBJC_IMPLICIT_RETAIN_SELF = YES;
				CLANG_WARN_OBJC_LITERAL_CONVERSION = YES;
				CLANG_WARN_OBJC_ROOT_CLASS = YES_ERROR;
				CLANG_WARN_RANGE_LOOP_ANALYSIS = YES;
				CLANG_WARN_STRICT_PROTOTYPES = YES;
				CLANG_WARN_SUSPICIOUS_MOVE = YES;
				CLANG_WARN_UNGUARDED_AVAILABILITY = YES_AGGRESSIVE;
				CLANG_WARN_UNREACHABLE_CODE = YES;
				CLANG_WARN__DUPLICATE_METHOD_MATCH = YES;
				COPY_PHASE_STRIP = NO;
				DEBUG_INFORMATION_FORMAT = "dwarf-with-dsym";
				ENABLE_NS_ASSERTIONS = NO;
				ENABLE_STRICT_OBJC_MSGSEND = YES;
				GCC_C_LANGUAGE_STANDARD = gnu11;
				GCC_NO_COMMON_BLOCKS = YES;
				GCC_WARN_64_TO_32_BIT_CONVERSION = YES;
				GCC_WARN_ABOUT_RETURN_TYPE = YES_ERROR;
				GCC_WARN_UNDECLARED_SELECTOR = YES;
				GCC_WARN_UNINITIALIZED_AUTOS = YES_AGGRESSIVE;
				GCC_WARN_UNUSED_FUNCTION = YES;
				GCC_WARN_UNUSED_VARIABLE = YES;
				IPHONEOS_DEPLOYMENT_TARGET = 13.2;
				MTL_ENABLE_DEBUG_INFO = NO;
				MTL_FAST_MATH = YES;
				SDKROOT = iphoneos;
				SWIFT_OPTIMIZATION_LEVEL = "-Owholemodule";
				VALIDATE_PRODUCT = YES;
			};
			name = Release;
		};
		B0948AB67F59590B0C8453DC /* Release */ = {
			isa = XCBuildConfiguration;
			buildSettings = {
				ASSETCATALOG_COMPILER_APPICON_NAME = AppIcon;
				INFOPLIST_FILE = Set/Info.plist;
				LD_RUNPATH_SEARCH_PATHS = "$(inherited) @executable_path/Frameworks";
				PRODUCT_BUNDLE_IDENTIFIER = com.inc.anntte.Set;
				PRODUCT_NAME = "$(TARGET_NAME)";
				SWIFT_VERSION = 5.0;
				TARGETED_DEVICE_FAMILY = "1,2";
			};
			name = Release;
		};
		B0948C4ABC640A063248043A /* Debug */ = {
			isa = XCBuildConfiguration;
			buildSettings = {
				ALWAYS_SEARCH_USER_PATHS = NO;
				CLANG_ANALYZER_LOCALIZABILITY_NONLOCALIZED = YES;
				CLANG_ANALYZER_NONNULL = YES;
				CLANG_ANALYZER_NUMBER_OBJECT_CONVERSION = YES_AGGRESSIVE;
				CLANG_CXX_LANGUAGE_STANDARD = "gnu++14";
				CLANG_CXX_LIBRARY = "libc++";
				CLANG_ENABLE_MODULES = YES;
				CLANG_ENABLE_OBJC_ARC = YES;
				CLANG_ENABLE_OBJC_WEAK = YES;
				CLANG_WARN_BLOCK_CAPTURE_AUTORELEASING = YES;
				CLANG_WARN_BOOL_CONVERSION = YES;
				CLANG_WARN_COMMA = YES;
				CLANG_WARN_CONSTANT_CONVERSION = YES;
				CLANG_WARN_DEPRECATED_OBJC_IMPLEMENTATIONS = YES;
				CLANG_WARN_DIRECT_OBJC_ISA_USAGE = YES_ERROR;
				CLANG_WARN_DOCUMENTATION_COMMENTS = YES;
				CLANG_WARN_EMPTY_BODY = YES;
				CLANG_WARN_ENUM_CONVERSION = YES;
				CLANG_WARN_INFINITE_RECURSION = YES;
				CLANG_WARN_INT_CONVERSION = YES;
				CLANG_WARN_NON_LITERAL_NULL_CONVERSION = YES;
				CLANG_WARN_OBJC_IMPLICIT_RETAIN_SELF = YES;
				CLANG_WARN_OBJC_LITERAL_CONVERSION = YES;
				CLANG_WARN_OBJC_ROOT_CLASS = YES_ERROR;
				CLANG_WARN_RANGE_LOOP_ANALYSIS = YES;
				CLANG_WARN_STRICT_PROTOTYPES = YES;
				CLANG_WARN_SUSPICIOUS_MOVE = YES;
				CLANG_WARN_UNGUARDED_AVAILABILITY = YES_AGGRESSIVE;
				CLANG_WARN_UNREACHABLE_CODE = YES;
				CLANG_WARN__DUPLICATE_METHOD_MATCH = YES;
				COPY_PHASE_STRIP = NO;
				DEBUG_INFORMATION_FORMAT = dwarf;
				ENABLE_STRICT_OBJC_MSGSEND = YES;
				ENABLE_TESTABILITY = YES;
				GCC_C_LANGUAGE_STANDARD = gnu11;
				GCC_DYNAMIC_NO_PIC = NO;
				GCC_NO_COMMON_BLOCKS = YES;
				GCC_OPTIMIZATION_LEVEL = 0;
				GCC_PREPROCESSOR_DEFINITIONS = (
					"DEBUG=1",
					"$(inherited)",
				);
				GCC_WARN_64_TO_32_BIT_CONVERSION = YES;
				GCC_WARN_ABOUT_RETURN_TYPE = YES_ERROR;
				GCC_WARN_UNDECLARED_SELECTOR = YES;
				GCC_WARN_UNINITIALIZED_AUTOS = YES_AGGRESSIVE;
				GCC_WARN_UNUSED_FUNCTION = YES;
				GCC_WARN_UNUSED_VARIABLE = YES;
				IPHONEOS_DEPLOYMENT_TARGET = 13.2;
				MTL_ENABLE_DEBUG_INFO = INCLUDE_SOURCE;
				MTL_FAST_MATH = YES;
				ONLY_ACTIVE_ARCH = YES;
				SDKROOT = iphoneos;
				SWIFT_ACTIVE_COMPILATION_CONDITIONS = DEBUG;
				SWIFT_OPTIMIZATION_LEVEL = "-Onone";
			};
			name = Debug;
		};
/* End XCBuildConfiguration section */

/* Begin XCConfigurationList section */
		B0948411F01E09AA017ECB2C /* Build configuration list for PBXNativeTarget "Set" */ = {
			isa = XCConfigurationList;
			buildConfigurations = (
				B09482A3719AD52ABDF6D5B8 /* Debug */,
				B0948AB67F59590B0C8453DC /* Release */,
			);
			defaultConfigurationIsVisible = 0;
			defaultConfigurationName = Release;
		};
		B0948941FADB5527FD6A5C4F /* Build configuration list for PBXProject "Set" */ = {
			isa = XCConfigurationList;
			buildConfigurations = (
				B0948C4ABC640A063248043A /* Debug */,
				B09489FF346352FECEF55A00 /* Release */,
			);
			defaultConfigurationIsVisible = 0;
			defaultConfigurationName = Release;
		};
/* End XCConfigurationList section */
	};
	rootObject = B09480E7243780007CFB40C4 /* Project object */;
}
