// !$*UTF8*$!
{
	archiveVersion = 1;
	classes = {
	};
	objectVersion = 46;
	objects = {

/* Begin PBXBuildFile section */
		B0948013B8CA3558D1EB9D17 /* DocumentBrowserViewController.swift in Sources */ = {isa = PBXBuildFile; fileRef = B094815F54015A1D24276EB5 /* DocumentBrowserViewController.swift */; };
		B09481A7B2DD8476C11EC521 /* Assets.xcassets in Resources */ = {isa = PBXBuildFile; fileRef = B0948A65C035C085DE097316 /* Assets.xcassets */; };
		B09481CDA77C9B1CE06DE685 /* Main.storyboard in Resources */ = {isa = PBXBuildFile; fileRef = B09483E497C97F21E0E9F74F /* Main.storyboard */; };
		B09483B01BAA79DD93A42C31 /* LaunchScreen.storyboard in Resources */ = {isa = PBXBuildFile; fileRef = B09488D9AFAFB007661AD7C1 /* LaunchScreen.storyboard */; };
		B09484EA2AD5F225563A8C91 /* AppDelegate.swift in Sources */ = {isa = PBXBuildFile; fileRef = B0948ACDEAE0228E812CF643 /* AppDelegate.swift */; };
		B094897366DC4EC31264F035 /* Image.swift in Sources */ = {isa = PBXBuildFile; fileRef = B0948D5978F074BE7F8A6018 /* Image.swift */; };
		B0948D68C891631B3FEEF0B2 /* DocumentViewController.swift in Sources */ = {isa = PBXBuildFile; fileRef = B0948191EEF3F7A410AD6434 /* DocumentViewController.swift */; };
		B0948D69CD5A9D4B83349D9D /* ImageGalleryCollectionViewCell.swift in Sources */ = {isa = PBXBuildFile; fileRef = B09487869C874402330A7BEC /* ImageGalleryCollectionViewCell.swift */; };
		B0948DCE4658F6639A12A867 /* Document.swift in Sources */ = {isa = PBXBuildFile; fileRef = B09482850CA8F08B74CF7337 /* Document.swift */; };
		B0948E81E2FF83AA789063F9 /* ImageGallery.swift in Sources */ = {isa = PBXBuildFile; fileRef = B0948C4C18A98225F1FA32B2 /* ImageGallery.swift */; };
/* End PBXBuildFile section */

/* Begin PBXFileReference section */
		B094814EFCDB3309A07C2EDF /* Base */ = {isa = PBXFileReference; lastKnownFileType = file.storyboard; name = Base; path = Base.lproj/Main.storyboard; sourceTree = "<group>"; };
		B094815F54015A1D24276EB5 /* DocumentBrowserViewController.swift */ = {isa = PBXFileReference; lastKnownFileType = sourcecode.swift; path = DocumentBrowserViewController.swift; sourceTree = "<group>"; };
		B0948191EEF3F7A410AD6434 /* DocumentViewController.swift */ = {isa = PBXFileReference; lastKnownFileType = sourcecode.swift; path = DocumentViewController.swift; sourceTree = "<group>"; };
		B09482850CA8F08B74CF7337 /* Document.swift */ = {isa = PBXFileReference; lastKnownFileType = sourcecode.swift; path = Document.swift; sourceTree = "<group>"; };
		B09485113EEA2356B6491524 /* Info.plist */ = {isa = PBXFileReference; lastKnownFileType = text.plist.info; path = Info.plist; sourceTree = "<group>"; };
		B09487869C874402330A7BEC /* ImageGalleryCollectionViewCell.swift */ = {isa = PBXFileReference; fileEncoding = 4; lastKnownFileType = sourcecode.swift; path = ImageGalleryCollectionViewCell.swift; sourceTree = "<group>"; };
		B09488C3BFDBB1B3C0F6765A /* Base */ = {isa = PBXFileReference; lastKnownFileType = file.storyboard; name = Base; path = Base.lproj/LaunchScreen.storyboard; sourceTree = "<group>"; };
		B0948A65C035C085DE097316 /* Assets.xcassets */ = {isa = PBXFileReference; lastKnownFileType = folder.assetcatalog; path = Assets.xcassets; sourceTree = "<group>"; };
		B0948ACDEAE0228E812CF643 /* AppDelegate.swift */ = {isa = PBXFileReference; lastKnownFileType = sourcecode.swift; path = AppDelegate.swift; sourceTree = "<group>"; };
		B0948C4C18A98225F1FA32B2 /* ImageGallery.swift */ = {isa = PBXFileReference; fileEncoding = 4; lastKnownFileType = sourcecode.swift; path = ImageGallery.swift; sourceTree = "<group>"; };
		B0948D5978F074BE7F8A6018 /* Image.swift */ = {isa = PBXFileReference; fileEncoding = 4; lastKnownFileType = sourcecode.swift; path = Image.swift; sourceTree = "<group>"; };
		B0948F40274C61468663BA8E /* PersistentImageGallery.app */ = {isa = PBXFileReference; explicitFileType = wrapper.application; includeInIndex = 0; path = PersistentImageGallery.app; sourceTree = BUILT_PRODUCTS_DIR; };
/* End PBXFileReference section */

/* Begin PBXFrameworksBuildPhase section */
		B09483A318D81F7919FB3E98 /* Frameworks */ = {
			isa = PBXFrameworksBuildPhase;
			buildActionMask = 2147483647;
			files = (
			);
			runOnlyForDeploymentPostprocessing = 0;
		};
/* End PBXFrameworksBuildPhase section */

/* Begin PBXGroup section */
		B094830589190A1CCA936A4C /* PersistentImageGallery */ = {
			isa = PBXGroup;
			children = (
				B09485113EEA2356B6491524 /* Info.plist */,
				B0948A65C035C085DE097316 /* Assets.xcassets */,
				B09488D9AFAFB007661AD7C1 /* LaunchScreen.storyboard */,
				B0948ACDEAE0228E812CF643 /* AppDelegate.swift */,
				B09483E497C97F21E0E9F74F /* Main.storyboard */,
				B094815F54015A1D24276EB5 /* DocumentBrowserViewController.swift */,
				B0948191EEF3F7A410AD6434 /* DocumentViewController.swift */,
				B09482850CA8F08B74CF7337 /* Document.swift */,
				B09487869C874402330A7BEC /* ImageGalleryCollectionViewCell.swift */,
				B0948C4C18A98225F1FA32B2 /* ImageGallery.swift */,
				B0948D5978F074BE7F8A6018 /* Image.swift */,
			);
			path = PersistentImageGallery;
			sourceTree = "<group>";
		};
		B094842C9AE3401A68755FFD /* Products */ = {
			isa = PBXGroup;
			children = (
				B0948F40274C61468663BA8E /* PersistentImageGallery.app */,
			);
			name = Products;
			sourceTree = "<group>";
		};
		B0948E64B984003A109A4E00 = {
			isa = PBXGroup;
			children = (
				B094842C9AE3401A68755FFD /* Products */,
				B094830589190A1CCA936A4C /* PersistentImageGallery */,
			);
			sourceTree = "<group>";
		};
/* End PBXGroup section */

/* Begin PBXNativeTarget section */
		B0948E5490F3C5A428E38D0A /* PersistentImageGallery */ = {
			isa = PBXNativeTarget;
			buildConfigurationList = B0948DBFE5E3DA170C700C2E /* Build configuration list for PBXNativeTarget "PersistentImageGallery" */;
			buildPhases = (
				B09480A9C081C19C9695CFDB /* Sources */,
				B09483A318D81F7919FB3E98 /* Frameworks */,
				B094857579035167463F672C /* Resources */,
			);
			buildRules = (
			);
			dependencies = (
			);
			name = PersistentImageGallery;
			productName = PersistentImageGallery;
			productReference = B0948F40274C61468663BA8E /* PersistentImageGallery.app */;
			productType = "com.apple.product-type.application";
		};
/* End PBXNativeTarget section */

/* Begin PBXProject section */
		B09483A6FAEDFBFA388FF730 /* Project object */ = {
			isa = PBXProject;
			attributes = {
				ORGANIZATIONNAME = aqune;
			};
			buildConfigurationList = B0948727579A56F0ED313326 /* Build configuration list for PBXProject "PersistentImageGallery" */;
			compatibilityVersion = "Xcode 3.2";
			developmentRegion = English;
			hasScannedForEncodings = 0;
			knownRegions = (
				English,
				en,
				Base,
			);
			mainGroup = B0948E64B984003A109A4E00;
			productRefGroup = B094842C9AE3401A68755FFD /* Products */;
			projectDirPath = "";
			projectRoot = "";
			targets = (
				B0948E5490F3C5A428E38D0A /* PersistentImageGallery */,
			);
		};
/* End PBXProject section */

/* Begin PBXResourcesBuildPhase section */
		B094857579035167463F672C /* Resources */ = {
			isa = PBXResourcesBuildPhase;
			buildActionMask = 2147483647;
			files = (
				B09481A7B2DD8476C11EC521 /* Assets.xcassets in Resources */,
				B09483B01BAA79DD93A42C31 /* LaunchScreen.storyboard in Resources */,
				B09481CDA77C9B1CE06DE685 /* Main.storyboard in Resources */,
			);
			runOnlyForDeploymentPostprocessing = 0;
		};
/* End PBXResourcesBuildPhase section */

/* Begin PBXSourcesBuildPhase section */
		B09480A9C081C19C9695CFDB /* Sources */ = {
			isa = PBXSourcesBuildPhase;
			buildActionMask = 2147483647;
			files = (
				B09484EA2AD5F225563A8C91 /* AppDelegate.swift in Sources */,
				B0948013B8CA3558D1EB9D17 /* DocumentBrowserViewController.swift in Sources */,
				B0948D68C891631B3FEEF0B2 /* DocumentViewController.swift in Sources */,
				B0948DCE4658F6639A12A867 /* Document.swift in Sources */,
				B0948D69CD5A9D4B83349D9D /* ImageGalleryCollectionViewCell.swift in Sources */,
				B0948E81E2FF83AA789063F9 /* ImageGallery.swift in Sources */,
				B094897366DC4EC31264F035 /* Image.swift in Sources */,
			);
			runOnlyForDeploymentPostprocessing = 0;
		};
/* End PBXSourcesBuildPhase section */

/* Begin PBXVariantGroup section */
		B09483E497C97F21E0E9F74F /* Main.storyboard */ = {
			isa = PBXVariantGroup;
			children = (
				B094814EFCDB3309A07C2EDF /* Base */,
			);
			name = Main.storyboard;
			sourceTree = "<group>";
		};
		B09488D9AFAFB007661AD7C1 /* LaunchScreen.storyboard */ = {
			isa = PBXVariantGroup;
			children = (
				B09488C3BFDBB1B3C0F6765A /* Base */,
			);
			name = LaunchScreen.storyboard;
			sourceTree = "<group>";
		};
/* End PBXVariantGroup section */

/* Begin XCBuildConfiguration section */
		B094828E6C69FC46D0B50C9E /* Debug */ = {
			isa = XCBuildConfiguration;
			buildSettings = {
				ASSETCATALOG_COMPILER_APPICON_NAME = AppIcon;
				INFOPLIST_FILE = PersistentImageGallery/Info.plist;
				LD_RUNPATH_SEARCH_PATHS = "$(inherited) @executable_path/Frameworks";
				PRODUCT_BUNDLE_IDENTIFIER = aqune.PersistentImageGallery;
				PRODUCT_NAME = "$(TARGET_NAME)";
				SWIFT_VERSION = 5.0;
				TARGETED_DEVICE_FAMILY = "1,2";
			};
			name = Debug;
		};
		B0948445DDBA645B1FF7FAA9 /* Debug */ = {
			isa = XCBuildConfiguration;
			buildSettings = {
				ALWAYS_SEARCH_USER_PATHS = NO;
				CLANG_ANALYZER_NONNULL = YES;
				CLANG_ANALYZER_NUMBER_OBJECT_CONVERSION = YES_AGGRESSIVE;
				CLANG_CXX_LANGUAGE_STANDARD = "gnu++14";
				CLANG_CXX_LIBRARY = "libc++";
				CLANG_ENABLE_MODULES = YES;
				CLANG_ENABLE_OBJC_ARC = YES;
				CLANG_ENABLE_OBJC_WEAK = YES;
				CLANG_WARN_BLOCK_CAPTURE_AUTORELEASING = YES;
				CLANG_WARN_BOOL_CONVERSION = YES;
				CLANG_WARN_COMMA = YES;
				CLANG_WARN_CONSTANT_CONVERSION = YES;
				CLANG_WARN_DEPRECATED_OBJC_IMPLEMENTATIONS = YES;
				CLANG_WARN_DIRECT_OBJC_ISA_USAGE = YES_ERROR;
				CLANG_WARN_DOCUMENTATION_COMMENTS = YES;
				CLANG_WARN_EMPTY_BODY = YES;
				CLANG_WARN_ENUM_CONVERSION = YES;
				CLANG_WARN_INFINITE_RECURSION = YES;
				CLANG_WARN_INT_CONVERSION = YES;
				CLANG_WARN_NON_LITERAL_NULL_CONVERSION = YES;
				CLANG_WARN_OBJC_IMPLICIT_RETAIN_SELF = YES;
				CLANG_WARN_OBJC_LITERAL_CONVERSION = YES;
				CLANG_WARN_OBJC_ROOT_CLASS = YES_ERROR;
				CLANG_WARN_RANGE_LOOP_ANALYSIS = YES;
				CLANG_WARN_STRICT_PROTOTYPES = YES;
				CLANG_WARN_SUSPICIOUS_MOVE = YES;
				CLANG_WARN_UNGUARDED_AVAILABILITY = YES_AGGRESSIVE;
				CLANG_WARN_UNREACHABLE_CODE = YES;
				CLANG_WARN__DUPLICATE_METHOD_MATCH = YES;
				COPY_PHASE_STRIP = NO;
				DEBUG_INFORMATION_FORMAT = dwarf;
				ENABLE_STRICT_OBJC_MSGSEND = YES;
				ENABLE_TESTABILITY = YES;
				GCC_C_LANGUAGE_STANDARD = gnu11;
				GCC_DYNAMIC_NO_PIC = NO;
				GCC_NO_COMMON_BLOCKS = YES;
				GCC_OPTIMIZATION_LEVEL = 0;
				GCC_PREPROCESSOR_DEFINITIONS = (
					"DEBUG=1",
					"$(inherited)",
				);
				GCC_WARN_64_TO_32_BIT_CONVERSION = YES;
				GCC_WARN_ABOUT_RETURN_TYPE = YES_ERROR;
				GCC_WARN_UNDECLARED_SELECTOR = YES;
				GCC_WARN_UNINITIALIZED_AUTOS = YES_AGGRESSIVE;
				GCC_WARN_UNUSED_FUNCTION = YES;
				GCC_WARN_UNUSED_VARIABLE = YES;
				IPHONEOS_DEPLOYMENT_TARGET = 13.4;
				MTL_ENABLE_DEBUG_INFO = INCLUDE_SOURCE;
				MTL_FAST_MATH = YES;
				ONLY_ACTIVE_ARCH = YES;
				SDKROOT = iphoneos;
				SWIFT_ACTIVE_COMPILATION_CONDITIONS = DEBUG;
				SWIFT_OPTIMIZATION_LEVEL = "-Onone";
			};
			name = Debug;
		};
		B094845A6A22D7CA86E9ADB4 /* Release */ = {
			isa = XCBuildConfiguration;
			buildSettings = {
				ASSETCATALOG_COMPILER_APPICON_NAME = AppIcon;
				INFOPLIST_FILE = PersistentImageGallery/Info.plist;
				LD_RUNPATH_SEARCH_PATHS = "$(inherited) @executable_path/Frameworks";
				PRODUCT_BUNDLE_IDENTIFIER = aqune.PersistentImageGallery;
				PRODUCT_NAME = "$(TARGET_NAME)";
				SWIFT_VERSION = 5.0;
				TARGETED_DEVICE_FAMILY = "1,2";
			};
			name = Release;
		};
		B09487947A3FBD8680B00EA5 /* Release */ = {
			isa = XCBuildConfiguration;
			buildSettings = {
				ALWAYS_SEARCH_USER_PATHS = NO;
				CLANG_ANALYZER_NONNULL = YES;
				CLANG_ANALYZER_NUMBER_OBJECT_CONVERSION = YES_AGGRESSIVE;
				CLANG_CXX_LANGUAGE_STANDARD = "gnu++14";
				CLANG_CXX_LIBRARY = "libc++";
				CLANG_ENABLE_MODULES = YES;
				CLANG_ENABLE_OBJC_ARC = YES;
				CLANG_ENABLE_OBJC_WEAK = YES;
				CLANG_WARN_BLOCK_CAPTURE_AUTORELEASING = YES;
				CLANG_WARN_BOOL_CONVERSION = YES;
				CLANG_WARN_COMMA = YES;
				CLANG_WARN_CONSTANT_CONVERSION = YES;
				CLANG_WARN_DEPRECATED_OBJC_IMPLEMENTATIONS = YES;
				CLANG_WARN_DIRECT_OBJC_ISA_USAGE = YES_ERROR;
				CLANG_WARN_DOCUMENTATION_COMMENTS = YES;
				CLANG_WARN_EMPTY_BODY = YES;
				CLANG_WARN_ENUM_CONVERSION = YES;
				CLANG_WARN_INFINITE_RECURSION = YES;
				CLANG_WARN_INT_CONVERSION = YES;
				CLANG_WARN_NON_LITERAL_NULL_CONVERSION = YES;
				CLANG_WARN_OBJC_IMPLICIT_RETAIN_SELF = YES;
				CLANG_WARN_OBJC_LITERAL_CONVERSION = YES;
				CLANG_WARN_OBJC_ROOT_CLASS = YES_ERROR;
				CLANG_WARN_RANGE_LOOP_ANALYSIS = YES;
				CLANG_WARN_STRICT_PROTOTYPES = YES;
				CLANG_WARN_SUSPICIOUS_MOVE = YES;
				CLANG_WARN_UNGUARDED_AVAILABILITY = YES_AGGRESSIVE;
				CLANG_WARN_UNREACHABLE_CODE = YES;
				CLANG_WARN__DUPLICATE_METHOD_MATCH = YES;
				COPY_PHASE_STRIP = NO;
				DEBUG_INFORMATION_FORMAT = "dwarf-with-dsym";
				ENABLE_NS_ASSERTIONS = NO;
				ENABLE_STRICT_OBJC_MSGSEND = YES;
				GCC_C_LANGUAGE_STANDARD = gnu11;
				GCC_NO_COMMON_BLOCKS = YES;
				GCC_WARN_64_TO_32_BIT_CONVERSION = YES;
				GCC_WARN_ABOUT_RETURN_TYPE = YES_ERROR;
				GCC_WARN_UNDECLARED_SELECTOR = YES;
				GCC_WARN_UNINITIALIZED_AUTOS = YES_AGGRESSIVE;
				GCC_WARN_UNUSED_FUNCTION = YES;
				GCC_WARN_UNUSED_VARIABLE = YES;
				IPHONEOS_DEPLOYMENT_TARGET = 13.4;
				MTL_ENABLE_DEBUG_INFO = NO;
				MTL_FAST_MATH = YES;
				SDKROOT = iphoneos;
				SWIFT_OPTIMIZATION_LEVEL = "-Owholemodule";
				VALIDATE_PRODUCT = YES;
			};
			name = Release;
		};
/* End XCBuildConfiguration section */

/* Begin XCConfigurationList section */
		B0948727579A56F0ED313326 /* Build configuration list for PBXProject "PersistentImageGallery" */ = {
			isa = XCConfigurationList;
			buildConfigurations = (
				B0948445DDBA645B1FF7FAA9 /* Debug */,
				B09487947A3FBD8680B00EA5 /* Release */,
			);
			defaultConfigurationIsVisible = 0;
			defaultConfigurationName = Release;
		};
		B0948DBFE5E3DA170C700C2E /* Build configuration list for PBXNativeTarget "PersistentImageGallery" */ = {
			isa = XCConfigurationList;
			buildConfigurations = (
				B094828E6C69FC46D0B50C9E /* Debug */,
				B094845A6A22D7CA86E9ADB4 /* Release */,
			);
			defaultConfigurationIsVisible = 0;
			defaultConfigurationName = Release;
		};
/* End XCConfigurationList section */
	};
	rootObject = B09483A6FAEDFBFA388FF730 /* Project object */;
}
