// !$*UTF8*$!
{
	archiveVersion = 1;
	classes = {
	};
	objectVersion = 46;
	objects = {

/* Begin PBXBuildFile section */
		B0948068ED1623E74CD32468 /* AppDelegate.swift in Sources */ = {isa = PBXBuildFile; fileRef = B09481D6CDDD27ABC84FDE7E /* AppDelegate.swift */; };
		B09484A3CF717988A8E845DB /* SceneDelegate.swift in Sources */ = {isa = PBXBuildFile; fileRef = B094858EBDDF2A33C7252847 /* SceneDelegate.swift */; };
		B0948548069A5832D2034C88 /* LaunchScreen.storyboard in Resources */ = {isa = PBXBuildFile; fileRef = B0948E4EEDDFD1854A96BA9A /* LaunchScreen.storyboard */; };
		B0948577158E589395B3238B /* ImageGalleryTableViewController.swift in Sources */ = {isa = PBXBuildFile; fileRef = B09489483A6A78B91C6963F3 /* ImageGalleryTableViewController.swift */; };
		B094888C724CE3F6A4E5EB7C /* Utilities.swift in Sources */ = {isa = PBXBuildFile; fileRef = B09489DA1F1B0ED4BBF87363 /* Utilities.swift */; };
		B0948A6F3309BE7905E3ADD1 /* ImageGalleryController.swift in Sources */ = {isa = PBXBuildFile; fileRef = B09487C8BDDCFF70433CEF86 /* ImageGalleryController.swift */; };
		B0948C8341A2B726A24B8500 /* ImageGalleryCollectionViewCell.swift in Sources */ = {isa = PBXBuildFile; fileRef = B0948277F1AF46F917D60EB9 /* ImageGalleryCollectionViewCell.swift */; };
		B0948CE53E006FCEDF3E5889 /* Assets.xcassets in Resources */ = {isa = PBXBuildFile; fileRef = B094855886A242D87267D00F /* Assets.xcassets */; };
		B0948E40FDB8837C6EA832C7 /* ImageGallerySplitController.swift in Sources */ = {isa = PBXBuildFile; fileRef = B09489D1836AB4272C955CC0 /* ImageGallerySplitController.swift */; };
/* End PBXBuildFile section */

/* Begin PBXFileReference section */
		B094803470F1B30BDD297EAC /* Info.plist */ = {isa = PBXFileReference; lastKnownFileType = text.plist.info; path = Info.plist; sourceTree = "<group>"; };
		B09480FE9FDB51B7CD50D60C /* Base */ = {isa = PBXFileReference; lastKnownFileType = file.storyboard; name = Base; path = Base.lproj/LaunchScreen.storyboard; sourceTree = "<group>"; };
		B09481D6CDDD27ABC84FDE7E /* AppDelegate.swift */ = {isa = PBXFileReference; fileEncoding = 4; lastKnownFileType = sourcecode.swift; path = AppDelegate.swift; sourceTree = "<group>"; };
		B0948277F1AF46F917D60EB9 /* ImageGalleryCollectionViewCell.swift */ = {isa = PBXFileReference; fileEncoding = 4; lastKnownFileType = sourcecode.swift; path = ImageGalleryCollectionViewCell.swift; sourceTree = "<group>"; };
		B094855886A242D87267D00F /* Assets.xcassets */ = {isa = PBXFileReference; lastKnownFileType = folder.assetcatalog; path = Assets.xcassets; sourceTree = "<group>"; };
		B094858EBDDF2A33C7252847 /* SceneDelegate.swift */ = {isa = PBXFileReference; lastKnownFileType = sourcecode.swift; path = SceneDelegate.swift; sourceTree = "<group>"; };
		B094861AA6BA1035963A6FA3 /* ImageGallery.app */ = {isa = PBXFileReference; explicitFileType = wrapper.application; includeInIndex = 0; path = ImageGallery.app; sourceTree = BUILT_PRODUCTS_DIR; };
		B09487C8BDDCFF70433CEF86 /* ImageGalleryController.swift */ = {isa = PBXFileReference; lastKnownFileType = sourcecode.swift; path = ImageGalleryController.swift; sourceTree = "<group>"; };
		B09489483A6A78B91C6963F3 /* ImageGalleryTableViewController.swift */ = {isa = PBXFileReference; fileEncoding = 4; lastKnownFileType = sourcecode.swift; path = ImageGalleryTableViewController.swift; sourceTree = "<group>"; };
		B09489D1836AB4272C955CC0 /* ImageGallerySplitController.swift */ = {isa = PBXFileReference; fileEncoding = 4; lastKnownFileType = sourcecode.swift; path = ImageGallerySplitController.swift; sourceTree = "<group>"; };
		B09489DA1F1B0ED4BBF87363 /* Utilities.swift */ = {isa = PBXFileReference; fileEncoding = 4; lastKnownFileType = sourcecode.swift; path = Utilities.swift; sourceTree = "<group>"; };
/* End PBXFileReference section */

/* Begin PBXFrameworksBuildPhase section */
		B0948A5EFCAED0746EA1E0B9 /* Frameworks */ = {
			isa = PBXFrameworksBuildPhase;
			buildActionMask = 2147483647;
			files = (
			);
			runOnlyForDeploymentPostprocessing = 0;
		};
/* End PBXFrameworksBuildPhase section */

/* Begin PBXGroup section */
		B094804F6F84FE2562D1F775 /* Products */ = {
			isa = PBXGroup;
			children = (
				B094861AA6BA1035963A6FA3 /* ImageGallery.app */,
			);
			name = Products;
			sourceTree = "<group>";
		};
		B0948339B79440611C3F2F0C /* Supporting files */ = {
			isa = PBXGroup;
			children = (
				B09481D6CDDD27ABC84FDE7E /* AppDelegate.swift */,
				B094855886A242D87267D00F /* Assets.xcassets */,
				B0948E4EEDDFD1854A96BA9A /* LaunchScreen.storyboard */,
			);
			name = "Supporting files";
			sourceTree = "<group>";
		};
		B09485D13D913E56BE2B83B4 = {
			isa = PBXGroup;
			children = (
				B094804F6F84FE2562D1F775 /* Products */,
				B09488AB4C3763F3C810E502 /* ImageGallery */,
			);
			sourceTree = "<group>";
		};
		B09488AB4C3763F3C810E502 /* ImageGallery */ = {
			isa = PBXGroup;
			children = (
				B094803470F1B30BDD297EAC /* Info.plist */,
				B094858EBDDF2A33C7252847 /* SceneDelegate.swift */,
				B09487C8BDDCFF70433CEF86 /* ImageGalleryController.swift */,
				B0948277F1AF46F917D60EB9 /* ImageGalleryCollectionViewCell.swift */,
				B09489483A6A78B91C6963F3 /* ImageGalleryTableViewController.swift */,
				B0948339B79440611C3F2F0C /* Supporting files */,
				B09489D1836AB4272C955CC0 /* ImageGallerySplitController.swift */,
				B09489DA1F1B0ED4BBF87363 /* Utilities.swift */,
			);
			path = ImageGallery;
			sourceTree = "<group>";
		};
/* End PBXGroup section */

/* Begin PBXNativeTarget section */
		B0948C30803670F78DD8C6BD /* ImageGallery */ = {
			isa = PBXNativeTarget;
			buildConfigurationList = B094806975AF2B9FD188E412 /* Build configuration list for PBXNativeTarget "ImageGallery" */;
			buildPhases = (
				B0948C2319AEEF48D5623E37 /* Sources */,
				B0948A5EFCAED0746EA1E0B9 /* Frameworks */,
				B094837C082C0BDD5362CB29 /* Resources */,
			);
			buildRules = (
			);
			dependencies = (
			);
			name = ImageGallery;
			productName = ImageGallery;
			productReference = B094861AA6BA1035963A6FA3 /* ImageGallery.app */;
			productType = "com.apple.product-type.application";
		};
/* End PBXNativeTarget section */

/* Begin PBXProject section */
		B09486C9896E06D6F9787F5C /* Project object */ = {
			isa = PBXProject;
			attributes = {
				LastUpgradeCheck = 1140;
				ORGANIZATIONNAME = yasuhiko2;
				TargetAttributes = {
					B0948C30803670F78DD8C6BD = {
						DevelopmentTeam = F52X5P97WP;
					};
				};
			};
			buildConfigurationList = B09483EF02A99A1DE32B168A /* Build configuration list for PBXProject "ImageGallery" */;
			compatibilityVersion = "Xcode 3.2";
			developmentRegion = en;
			hasScannedForEncodings = 0;
			knownRegions = (
				en,
				Base,
			);
			mainGroup = B09485D13D913E56BE2B83B4;
			productRefGroup = B094804F6F84FE2562D1F775 /* Products */;
			projectDirPath = "";
			projectRoot = "";
			targets = (
				B0948C30803670F78DD8C6BD /* ImageGallery */,
			);
		};
/* End PBXProject section */

/* Begin PBXResourcesBuildPhase section */
		B094837C082C0BDD5362CB29 /* Resources */ = {
			isa = PBXResourcesBuildPhase;
			buildActionMask = 2147483647;
			files = (
				B0948CE53E006FCEDF3E5889 /* Assets.xcassets in Resources */,
				B0948548069A5832D2034C88 /* LaunchScreen.storyboard in Resources */,
			);
			runOnlyForDeploymentPostprocessing = 0;
		};
/* End PBXResourcesBuildPhase section */

/* Begin PBXSourcesBuildPhase section */
		B0948C2319AEEF48D5623E37 /* Sources */ = {
			isa = PBXSourcesBuildPhase;
			buildActionMask = 2147483647;
			files = (
				B09484A3CF717988A8E845DB /* SceneDelegate.swift in Sources */,
				B0948A6F3309BE7905E3ADD1 /* ImageGalleryController.swift in Sources */,
				B0948C8341A2B726A24B8500 /* ImageGalleryCollectionViewCell.swift in Sources */,
				B0948577158E589395B3238B /* ImageGalleryTableViewController.swift in Sources */,
				B0948068ED1623E74CD32468 /* AppDelegate.swift in Sources */,
				B0948E40FDB8837C6EA832C7 /* ImageGallerySplitController.swift in Sources */,
				B094888C724CE3F6A4E5EB7C /* Utilities.swift in Sources */,
			);
			runOnlyForDeploymentPostprocessing = 0;
		};
/* End PBXSourcesBuildPhase section */

/* Begin PBXVariantGroup section */
		B0948E4EEDDFD1854A96BA9A /* LaunchScreen.storyboard */ = {
			isa = PBXVariantGroup;
			children = (
				B09480FE9FDB51B7CD50D60C /* Base */,
			);
			name = LaunchScreen.storyboard;
			sourceTree = "<group>";
		};
/* End PBXVariantGroup section */

/* Begin XCBuildConfiguration section */
		B09481E5D1F1104390DD9541 /* Debug */ = {
			isa = XCBuildConfiguration;
			buildSettings = {
				ALWAYS_SEARCH_USER_PATHS = NO;
				CLANG_ANALYZER_LOCALIZABILITY_NONLOCALIZED = YES;
				CLANG_ANALYZER_NONNULL = YES;
				CLANG_ANALYZER_NUMBER_OBJECT_CONVERSION = YES_AGGRESSIVE;
				CLANG_CXX_LANGUAGE_STANDARD = "gnu++14";
				CLANG_CXX_LIBRARY = "libc++";
				CLANG_ENABLE_MODULES = YES;
				CLANG_ENABLE_OBJC_ARC = YES;
				CLANG_ENABLE_OBJC_WEAK = YES;
				CLANG_WARN_BLOCK_CAPTURE_AUTORELEASING = YES;
				CLANG_WARN_BOOL_CONVERSION = YES;
				CLANG_WARN_COMMA = YES;
				CLANG_WARN_CONSTANT_CONVERSION = YES;
				CLANG_WARN_DEPRECATED_OBJC_IMPLEMENTATIONS = YES;
				CLANG_WARN_DIRECT_OBJC_ISA_USAGE = YES_ERROR;
				CLANG_WARN_DOCUMENTATION_COMMENTS = YES;
				CLANG_WARN_EMPTY_BODY = YES;
				CLANG_WARN_ENUM_CONVERSION = YES;
				CLANG_WARN_INFINITE_RECURSION = YES;
				CLANG_WARN_INT_CONVERSION = YES;
				CLANG_WARN_NON_LITERAL_NULL_CONVERSION = YES;
				CLANG_WARN_OBJC_IMPLICIT_RETAIN_SELF = YES;
				CLANG_WARN_OBJC_LITERAL_CONVERSION = YES;
				CLANG_WARN_OBJC_ROOT_CLASS = YES_ERROR;
				CLANG_WARN_RANGE_LOOP_ANALYSIS = YES;
				CLANG_WARN_STRICT_PROTOTYPES = YES;
				CLANG_WARN_SUSPICIOUS_MOVE = YES;
				CLANG_WARN_UNGUARDED_AVAILABILITY = YES_AGGRESSIVE;
				CLANG_WARN_UNREACHABLE_CODE = YES;
				CLANG_WARN__DUPLICATE_METHOD_MATCH = YES;
				COPY_PHASE_STRIP = NO;
				DEBUG_INFORMATION_FORMAT = dwarf;
				ENABLE_STRICT_OBJC_MSGSEND = YES;
				ENABLE_TESTABILITY = YES;
				GCC_C_LANGUAGE_STANDARD = gnu11;
				GCC_DYNAMIC_NO_PIC = NO;
				GCC_NO_COMMON_BLOCKS = YES;
				GCC_OPTIMIZATION_LEVEL = 0;
				GCC_PREPROCESSOR_DEFINITIONS = (
					"DEBUG=1",
					"$(inherited)",
				);
				GCC_WARN_64_TO_32_BIT_CONVERSION = YES;
				GCC_WARN_ABOUT_RETURN_TYPE = YES_ERROR;
				GCC_WARN_UNDECLARED_SELECTOR = YES;
				GCC_WARN_UNINITIALIZED_AUTOS = YES_AGGRESSIVE;
				GCC_WARN_UNUSED_FUNCTION = YES;
				GCC_WARN_UNUSED_VARIABLE = YES;
				IPHONEOS_DEPLOYMENT_TARGET = 13.4;
				MTL_ENABLE_DEBUG_INFO = INCLUDE_SOURCE;
				MTL_FAST_MATH = YES;
				ONLY_ACTIVE_ARCH = YES;
				SDKROOT = iphoneos;
				SWIFT_ACTIVE_COMPILATION_CONDITIONS = DEBUG;
				SWIFT_OPTIMIZATION_LEVEL = "-Onone";
			};
			name = Debug;
		};
		B094879A7A204A15F82A3105 /* Debug */ = {
			isa = XCBuildConfiguration;
			buildSettings = {
				ASSETCATALOG_COMPILER_APPICON_NAME = AppIcon;
				DEVELOPMENT_TEAM = F52X5P97WP;
				INFOPLIST_FILE = ImageGallery/Info.plist;
				IPHONEOS_DEPLOYMENT_TARGET = 13.0;
				LD_RUNPATH_SEARCH_PATHS = "$(inherited) @executable_path/Frameworks";
				PRODUCT_BUNDLE_IDENTIFIER = yasuhiko2.ImageGallery;
				PRODUCT_NAME = "$(TARGET_NAME)";
				SWIFT_VERSION = 5.0;
				TARGETED_DEVICE_FAMILY = "1,2";
			};
			name = Debug;
		};
		B09487D8566A2A4D67437374 /* Release */ = {
			isa = XCBuildConfiguration;
			buildSettings = {
				ASSETCATALOG_COMPILER_APPICON_NAME = AppIcon;
				DEVELOPMENT_TEAM = F52X5P97WP;
				INFOPLIST_FILE = ImageGallery/Info.plist;
				IPHONEOS_DEPLOYMENT_TARGET = 13.0;
				LD_RUNPATH_SEARCH_PATHS = "$(inherited) @executable_path/Frameworks";
				PRODUCT_BUNDLE_IDENTIFIER = yasuhiko2.ImageGallery;
				PRODUCT_NAME = "$(TARGET_NAME)";
				SWIFT_VERSION = 5.0;
				TARGETED_DEVICE_FAMILY = "1,2";
			};
			name = Release;
		};
		B094886919E308578E915EB2 /* Release */ = {
			isa = XCBuildConfiguration;
			buildSettings = {
				ALWAYS_SEARCH_USER_PATHS = NO;
				CLANG_ANALYZER_LOCALIZABILITY_NONLOCALIZED = YES;
				CLANG_ANALYZER_NONNULL = YES;
				CLANG_ANALYZER_NUMBER_OBJECT_CONVERSION = YES_AGGRESSIVE;
				CLANG_CXX_LANGUAGE_STANDARD = "gnu++14";
				CLANG_CXX_LIBRARY = "libc++";
				CLANG_ENABLE_MODULES = YES;
				CLANG_ENABLE_OBJC_ARC = YES;
				CLANG_ENABLE_OBJC_WEAK = YES;
				CLANG_WARN_BLOCK_CAPTURE_AUTORELEASING = YES;
				CLANG_WARN_BOOL_CONVERSION = YES;
				CLANG_WARN_COMMA = YES;
				CLANG_WARN_CONSTANT_CONVERSION = YES;
				CLANG_WARN_DEPRECATED_OBJC_IMPLEMENTATIONS = YES;
				CLANG_WARN_DIRECT_OBJC_ISA_USAGE = YES_ERROR;
				CLANG_WARN_DOCUMENTATION_COMMENTS = YES;
				CLANG_WARN_EMPTY_BODY = YES;
				CLANG_WARN_ENUM_CONVERSION = YES;
				CLANG_WARN_INFINITE_RECURSION = YES;
				CLANG_WARN_INT_CONVERSION = YES;
				CLANG_WARN_NON_LITERAL_NULL_CONVERSION = YES;
				CLANG_WARN_OBJC_IMPLICIT_RETAIN_SELF = YES;
				CLANG_WARN_OBJC_LITERAL_CONVERSION = YES;
				CLANG_WARN_OBJC_ROOT_CLASS = YES_ERROR;
				CLANG_WARN_RANGE_LOOP_ANALYSIS = YES;
				CLANG_WARN_STRICT_PROTOTYPES = YES;
				CLANG_WARN_SUSPICIOUS_MOVE = YES;
				CLANG_WARN_UNGUARDED_AVAILABILITY = YES_AGGRESSIVE;
				CLANG_WARN_UNREACHABLE_CODE = YES;
				CLANG_WARN__DUPLICATE_METHOD_MATCH = YES;
				COPY_PHASE_STRIP = NO;
				DEBUG_INFORMATION_FORMAT = "dwarf-with-dsym";
				ENABLE_NS_ASSERTIONS = NO;
				ENABLE_STRICT_OBJC_MSGSEND = YES;
				GCC_C_LANGUAGE_STANDARD = gnu11;
				GCC_NO_COMMON_BLOCKS = YES;
				GCC_WARN_64_TO_32_BIT_CONVERSION = YES;
				GCC_WARN_ABOUT_RETURN_TYPE = YES_ERROR;
				GCC_WARN_UNDECLARED_SELECTOR = YES;
				GCC_WARN_UNINITIALIZED_AUTOS = YES_AGGRESSIVE;
				GCC_WARN_UNUSED_FUNCTION = YES;
				GCC_WARN_UNUSED_VARIABLE = YES;
				IPHONEOS_DEPLOYMENT_TARGET = 13.4;
				MTL_ENABLE_DEBUG_INFO = NO;
				MTL_FAST_MATH = YES;
				SDKROOT = iphoneos;
				SWIFT_OPTIMIZATION_LEVEL = "-Owholemodule";
				VALIDATE_PRODUCT = YES;
			};
			name = Release;
		};
/* End XCBuildConfiguration section */

/* Begin XCConfigurationList section */
		B094806975AF2B9FD188E412 /* Build configuration list for PBXNativeTarget "ImageGallery" */ = {
			isa = XCConfigurationList;
			buildConfigurations = (
				B094879A7A204A15F82A3105 /* Debug */,
				B09487D8566A2A4D67437374 /* Release */,
			);
			defaultConfigurationIsVisible = 0;
			defaultConfigurationName = Release;
		};
		B09483EF02A99A1DE32B168A /* Build configuration list for PBXProject "ImageGallery" */ = {
			isa = XCConfigurationList;
			buildConfigurations = (
				B09481E5D1F1104390DD9541 /* Debug */,
				B094886919E308578E915EB2 /* Release */,
			);
			defaultConfigurationIsVisible = 0;
			defaultConfigurationName = Release;
		};
/* End XCConfigurationList section */
	};
	rootObject = B09486C9896E06D6F9787F5C /* Project object */;
}
